
Microsoft Visual Studio Solution File, Format Version 12.00
# Visual Studio Version 16
VisualStudioVersion = 16.0.30503.244
MinimumVisualStudioVersion = 10.0.40219.1
Project("{FAE04EC0-301F-11D3-BF4B-00C04F79EFBC}") = "JosephM.Xrm.FieldChangeHistory.Plugins", "JosephM.Xrm.FieldChangeHistory.Plugins\JosephM.Xrm.FieldChangeHistory.Plugins.csproj", "{2CC0419A-9CDF-46AF-8F7B-4839DD5F39B5}"
EndProject
Project("{FAE04EC0-301F-11D3-BF4B-00C04F79EFBC}") = "JosephM.Xrm.FieldChangeHistory.Plugins.Test", "JosephM.Xrm.FieldChangeHistory.Plugins.Test\JosephM.Xrm.FieldChangeHistory.Plugins.Test.csproj", "{F59E6AEF-2023-472F-988B-23B5FBBE3322}"
EndProject
Project("{FAE04EC0-301F-11D3-BF4B-00C04F79EFBC}") = "JosephM.Xrm.FieldChangeHistory.WebResources", "JosephM.Xrm.FieldChangeHistory.WebResources\JosephM.Xrm.FieldChangeHistory.WebResources.csproj", "{8BC56C3D-4289-4507-B0D9-321DF90F3E1E}"
EndProject
Project("{FAE04EC0-301F-11D3-BF4B-00C04F79EFBC}") = "JosephM.Xrm.FieldChangeHistory.Console", "JosephM.Xrm.FieldChangeHistory.Console\JosephM.Xrm.FieldChangeHistory.Console.csproj", "{147ACA64-2605-4157-9AED-B512B3E327CC}"
EndProject
Project("{2150E333-8FDC-42A3-9474-1A3956D46DE8}") = "Xrm.Vsix", "Xrm.Vsix", "{5A92BABE-4532-491C-B0A9-E274B7EDD581}"
	ProjectSection(SolutionItems) = preProject
		Xrm.Vsix\josep.solution.xrmconnection = Xrm.Vsix\josep.solution.xrmconnection
		Xrm.Vsix\josep.xrmpackage.xrmsettings = Xrm.Vsix\josep.xrmpackage.xrmsettings
	EndProjectSection
EndProject
Project("{2150E333-8FDC-42A3-9474-1A3956D46DE8}") = "Customisations", "Customisations", "{746E15E9-5D84-4FBD-8D69-688268BAAAB2}"
	ProjectSection(SolutionItems) = preProject
		Customisations\Customisations Field Change History.xlsx = Customisations\Customisations Field Change History.xlsx
	EndProjectSection
EndProject
Project("{2150E333-8FDC-42A3-9474-1A3956D46DE8}") = "Releases", "Releases", "{A8BC4F19-813F-4906-9C04-5613466DE71B}"
EndProject
Project("{2150E333-8FDC-42A3-9474-1A3956D46DE8}") = "1.0.0.0", "1.0.0.0", "{C3BC1A62-C720-44D8-BC37-39E2DA838D9D}"
	ProjectSection(SolutionItems) = preProject
		Releases\1.0.0.0\JosephMcGregorFieldChangeHistory_1_0_0_0.zip = Releases\1.0.0.0\JosephMcGregorFieldChangeHistory_1_0_0_0.zip
		Releases\1.0.0.0\JosephMcGregorFieldChangeHistory_1_0_0_0_managed.zip = Releases\1.0.0.0\JosephMcGregorFieldChangeHistory_1_0_0_0_managed.zip
	EndProjectSection
EndProject
Global
	GlobalSection(SolutionConfigurationPlatforms) = preSolution
		Debug|Any CPU = Debug|Any CPU
		Release|Any CPU = Release|Any CPU
	EndGlobalSection
	GlobalSection(ProjectConfigurationPlatforms) = postSolution
		{2CC0419A-9CDF-46AF-8F7B-4839DD5F39B5}.Debug|Any CPU.ActiveCfg = Debug|Any CPU
		{2CC0419A-9CDF-46AF-8F7B-4839DD5F39B5}.Debug|Any CPU.Build.0 = Debug|Any CPU
		{2CC0419A-9CDF-46AF-8F7B-4839DD5F39B5}.Release|Any CPU.ActiveCfg = Release|Any CPU
		{2CC0419A-9CDF-46AF-8F7B-4839DD5F39B5}.Release|Any CPU.Build.0 = Release|Any CPU
		{F59E6AEF-2023-472F-988B-23B5FBBE3322}.Debug|Any CPU.ActiveCfg = Debug|Any CPU
		{F59E6AEF-2023-472F-988B-23B5FBBE3322}.Debug|Any CPU.Build.0 = Debug|Any CPU
		{F59E6AEF-2023-472F-988B-23B5FBBE3322}.Release|Any CPU.ActiveCfg = Release|Any CPU
		{F59E6AEF-2023-472F-988B-23B5FBBE3322}.Release|Any CPU.Build.0 = Release|Any CPU
		{8BC56C3D-4289-4507-B0D9-321DF90F3E1E}.Debug|Any CPU.ActiveCfg = Debug|Any CPU
		{8BC56C3D-4289-4507-B0D9-321DF90F3E1E}.Debug|Any CPU.Build.0 = Debug|Any CPU
		{8BC56C3D-4289-4507-B0D9-321DF90F3E1E}.Release|Any CPU.ActiveCfg = Release|Any CPU
		{8BC56C3D-4289-4507-B0D9-321DF90F3E1E}.Release|Any CPU.Build.0 = Release|Any CPU
		{147ACA64-2605-4157-9AED-B512B3E327CC}.Debug|Any CPU.ActiveCfg = Debug|Any CPU
		{147ACA64-2605-4157-9AED-B512B3E327CC}.Debug|Any CPU.Build.0 = Debug|Any CPU
		{147ACA64-2605-4157-9AED-B512B3E327CC}.Release|Any CPU.ActiveCfg = Release|Any CPU
		{147ACA64-2605-4157-9AED-B512B3E327CC}.Release|Any CPU.Build.0 = Release|Any CPU
	EndGlobalSection
	GlobalSection(SolutionProperties) = preSolution
		HideSolutionNode = FALSE
	EndGlobalSection
	GlobalSection(NestedProjects) = preSolution
		{C3BC1A62-C720-44D8-BC37-39E2DA838D9D} = {A8BC4F19-813F-4906-9C04-5613466DE71B}
	EndGlobalSection
	GlobalSection(ExtensibilityGlobals) = postSolution
		SolutionGuid = {2264DCDB-40FD-4EA0-A900-8B667D87DBB2}
	EndGlobalSection
EndGlobal
